
Microsoft Visual Studio Solution File, Format Version 12.00
# Visual Studio 15
VisualStudioVersion = 15.0.28307.1259
MinimumVisualStudioVersion = 10.0.40219.1
Project("{9A19103F-16F7-4668-BE54-9A1E7A4F7556}") = "DataTableProxy", "DataTableProxy\DataTableProxy.csproj", "{887B4D40-9BFD-4D29-8FA8-9C80FDF8A817}"
EndProject
Project("{9A19103F-16F7-4668-BE54-9A1E7A4F7556}") = "Tests", "Tests\Tests.csproj", "{B66501E6-D722-47CD-B342-6ADC0AFEAAB0}"
EndProject
Global
	GlobalSection(SolutionConfigurationPlatforms) = preSolution
		Debug|Any CPU = Debug|Any CPU
		Debug|Mixed Platforms = Debug|Mixed Platforms
		Debug|x64 = Debug|x64
		Debug|x86 = Debug|x86
		Release|Any CPU = Release|Any CPU
		Release|Mixed Platforms = Release|Mixed Platforms
		Release|x64 = Release|x64
		Release|x86 = Release|x86
	EndGlobalSection
	GlobalSection(ProjectConfigurationPlatforms) = postSolution
		{887B4D40-9BFD-4D29-8FA8-9C80FDF8A817}.Debug|Any CPU.ActiveCfg = Debug|Any CPU
		{887B4D40-9BFD-4D29-8FA8-9C80FDF8A817}.Debug|Any CPU.Build.0 = Debug|Any CPU
		{887B4D40-9BFD-4D29-8FA8-9C80FDF8A817}.Debug|Mixed Platforms.ActiveCfg = Debug|Any CPU
		{887B4D40-9BFD-4D29-8FA8-9C80FDF8A817}.Debug|Mixed Platforms.Build.0 = Debug|Any CPU
		{887B4D40-9BFD-4D29-8FA8-9C80FDF8A817}.Debug|x64.ActiveCfg = Debug|Any CPU
		{887B4D40-9BFD-4D29-8FA8-9C80FDF8A817}.Debug|x64.Build.0 = Debug|Any CPU
		{887B4D40-9BFD-4D29-8FA8-9C80FDF8A817}.Debug|x86.ActiveCfg = Debug|Any CPU
		{887B4D40-9BFD-4D29-8FA8-9C80FDF8A817}.Release|Any CPU.ActiveCfg = Release|Any CPU
		{887B4D40-9BFD-4D29-8FA8-9C80FDF8A817}.Release|Any CPU.Build.0 = Release|Any CPU
		{887B4D40-9BFD-4D29-8FA8-9C80FDF8A817}.Release|Mixed Platforms.ActiveCfg = Release|Any CPU
		{887B4D40-9BFD-4D29-8FA8-9C80FDF8A817}.Release|Mixed Platforms.Build.0 = Release|Any CPU
		{887B4D40-9BFD-4D29-8FA8-9C80FDF8A817}.Release|x64.ActiveCfg = Release|Any CPU
		{887B4D40-9BFD-4D29-8FA8-9C80FDF8A817}.Release|x64.Build.0 = Release|Any CPU
		{887B4D40-9BFD-4D29-8FA8-9C80FDF8A817}.Release|x86.ActiveCfg = Release|Any CPU
		{B66501E6-D722-47CD-B342-6ADC0AFEAAB0}.Debug|Any CPU.ActiveCfg = Debug|Any CPU
		{B66501E6-D722-47CD-B342-6ADC0AFEAAB0}.Debug|Any CPU.Build.0 = Debug|Any CPU
		{B66501E6-D722-47CD-B342-6ADC0AFEAAB0}.Debug|Mixed Platforms.ActiveCfg = Debug|Any CPU
		{B66501E6-D722-47CD-B342-6ADC0AFEAAB0}.Debug|Mixed Platforms.Build.0 = Debug|Any CPU
		{B66501E6-D722-47CD-B342-6ADC0AFEAAB0}.Debug|x64.ActiveCfg = Debug|Any CPU
		{B66501E6-D722-47CD-B342-6ADC0AFEAAB0}.Debug|x64.Build.0 = Debug|Any CPU
		{B66501E6-D722-47CD-B342-6ADC0AFEAAB0}.Debug|x86.ActiveCfg = Debug|Any CPU
		{B66501E6-D722-47CD-B342-6ADC0AFEAAB0}.Debug|x86.Build.0 = Debug|Any CPU
		{B66501E6-D722-47CD-B342-6ADC0AFEAAB0}.Release|Any CPU.ActiveCfg = Release|Any CPU
		{B66501E6-D722-47CD-B342-6ADC0AFEAAB0}.Release|Any CPU.Build.0 = Release|Any CPU
		{B66501E6-D722-47CD-B342-6ADC0AFEAAB0}.Release|Mixed Platforms.ActiveCfg = Release|Any CPU
		{B66501E6-D722-47CD-B342-6ADC0AFEAAB0}.Release|Mixed Platforms.Build.0 = Release|Any CPU
		{B66501E6-D722-47CD-B342-6ADC0AFEAAB0}.Release|x64.ActiveCfg = Release|Any CPU
		{B66501E6-D722-47CD-B342-6ADC0AFEAAB0}.Release|x64.Build.0 = Release|Any CPU
		{B66501E6-D722-47CD-B342-6ADC0AFEAAB0}.Release|x86.ActiveCfg = Release|Any CPU
		{B66501E6-D722-47CD-B342-6ADC0AFEAAB0}.Release|x86.Build.0 = Release|Any CPU
	EndGlobalSection
	GlobalSection(SolutionProperties) = preSolution
		HideSolutionNode = FALSE
	EndGlobalSection
	GlobalSection(ExtensibilityGlobals) = postSolution
		SolutionGuid = {2E23B299-9D08-457E-AB02-91D6E24D5354}
	EndGlobalSection
EndGlobal
